{
  "object": {
    "pins": [
      {
        "package": "SnapKit",
        "repositoryURL": "https://github.com/SnapKit/SnapKit",
        "state": {
          "branch": null,
          "revision": "d458564516e5676af9c70b4f4b2a9178294f1bc6",
          "version": "5.0.1"
        }
      },
      {
        "package": "SnapshotTesting",
        "repositoryURL": "https://github.com/pointfreeco/swift-snapshot-testing",
        "state": {
          "branch": null,
          "revision": "2fd91357e90efe82bfa6845d1e7d5bc2f5025d35",
          "version": "1.8.1"
        }
      }
    ]
  },
  "version": 1
}
