// !$*UTF8*$!
{
	archiveVersion = 1;
	classes = {
	};
	objectVersion = 52;
	objects = {

/* Begin PBXBuildFile section */
		25221F8024A7B861007F263E /* SnapKit in Frameworks */ = {isa = PBXBuildFile; productRef = 25221F7F24A7B861007F263E /* SnapKit */; };
		25221F8724A7C012007F263E /* DisplayDescriptionView.swift in Sources */ = {isa = PBXBuildFile; fileRef = 25221F8624A7C012007F263E /* DisplayDescriptionView.swift */; };
		25309F7F24A86BDC0043F433 /* SnapshotTesting in Frameworks */ = {isa = PBXBuildFile; productRef = 25309F7E24A86BDC0043F433 /* SnapshotTesting */; };
		2571A48624A70862000B167F /* Character.swift in Sources */ = {isa = PBXBuildFile; fileRef = 2571A48524A70862000B167F /* Character.swift */; };
		2571A48A24A7095C000B167F /* URL+CharacterAPI.swift in Sources */ = {isa = PBXBuildFile; fileRef = 2571A48924A7095C000B167F /* URL+CharacterAPI.swift */; };
		25D3E59424AA7BAA00F3400F /* ButtonView.swift in Sources */ = {isa = PBXBuildFile; fileRef = 25D3E59324AA7BAA00F3400F /* ButtonView.swift */; };
		25D3E59724AA7F9800F3400F /* UIControl+eventPublisher.swift in Sources */ = {isa = PBXBuildFile; fileRef = 25D3E59624AA7F9800F3400F /* UIControl+eventPublisher.swift */; };
		25D3E59A24ABFF9B00F3400F /* DisplayDescriptionViewTypeMock.swift in Sources */ = {isa = PBXBuildFile; fileRef = 25D3E59924ABFF9B00F3400F /* DisplayDescriptionViewTypeMock.swift */; };
		25D3E59D24AC072300F3400F /* DescriptionButtonViewController.swift in Sources */ = {isa = PBXBuildFile; fileRef = 25D3E59C24AC072300F3400F /* DescriptionButtonViewController.swift */; };
		25D3E5A124AC0BC100F3400F /* ViewCode.swift in Sources */ = {isa = PBXBuildFile; fileRef = 25D3E5A024AC0BC100F3400F /* ViewCode.swift */; };
		25F559D624A867A600524001 /* DisplayDescriptionViewControllerTests.swift in Sources */ = {isa = PBXBuildFile; fileRef = 25F559D524A867A600524001 /* DisplayDescriptionViewControllerTests.swift */; };
		25F559D824A8684100524001 /* DecodableFetcherMock.swift in Sources */ = {isa = PBXBuildFile; fileRef = 25F559D724A8684100524001 /* DecodableFetcherMock.swift */; };
		ACFB180D24A67E390084F04F /* AppDelegate.swift in Sources */ = {isa = PBXBuildFile; fileRef = ACFB180C24A67E390084F04F /* AppDelegate.swift */; };
		ACFB180F24A67E390084F04F /* SceneDelegate.swift in Sources */ = {isa = PBXBuildFile; fileRef = ACFB180E24A67E390084F04F /* SceneDelegate.swift */; };
		ACFB181124A67E390084F04F /* DisplayDescriptionViewController.swift in Sources */ = {isa = PBXBuildFile; fileRef = ACFB181024A67E390084F04F /* DisplayDescriptionViewController.swift */; };
		ACFB181624A67E3A0084F04F /* Assets.xcassets in Resources */ = {isa = PBXBuildFile; fileRef = ACFB181524A67E3A0084F04F /* Assets.xcassets */; };
		ACFB181924A67E3A0084F04F /* LaunchScreen.storyboard in Resources */ = {isa = PBXBuildFile; fileRef = ACFB181724A67E3A0084F04F /* LaunchScreen.storyboard */; };
		ACFB182F24A67EA20084F04F /* DataFetcher.swift in Sources */ = {isa = PBXBuildFile; fileRef = ACFB182E24A67EA20084F04F /* DataFetcher.swift */; };
		ACFB183324A680660084F04F /* DecodableFetcher.swift in Sources */ = {isa = PBXBuildFile; fileRef = ACFB183224A680660084F04F /* DecodableFetcher.swift */; };
		ACFB183624A686C50084F04F /* DefaultDecodableFetcherTests.swift in Sources */ = {isa = PBXBuildFile; fileRef = ACFB183524A686C50084F04F /* DefaultDecodableFetcherTests.swift */; };
		ACFB183A24A686F30084F04F /* DataFetcherMock.swift in Sources */ = {isa = PBXBuildFile; fileRef = ACFB183924A686F30084F04F /* DataFetcherMock.swift */; };
/* End PBXBuildFile section */

/* Begin PBXContainerItemProxy section */
		ACFB182024A67E3A0084F04F /* PBXContainerItemProxy */ = {
			isa = PBXContainerItemProxy;
			containerPortal = ACFB180124A67E390084F04F /* Project object */;
			proxyType = 1;
			remoteGlobalIDString = ACFB180824A67E390084F04F;
			remoteInfo = AnimeCharacters;
		};
/* End PBXContainerItemProxy section */

/* Begin PBXFileReference section */
		25221F8624A7C012007F263E /* DisplayDescriptionView.swift */ = {isa = PBXFileReference; lastKnownFileType = sourcecode.swift; path = DisplayDescriptionView.swift; sourceTree = "<group>"; };
		2571A48524A70862000B167F /* Character.swift */ = {isa = PBXFileReference; lastKnownFileType = sourcecode.swift; path = Character.swift; sourceTree = "<group>"; };
		2571A48924A7095C000B167F /* URL+CharacterAPI.swift */ = {isa = PBXFileReference; lastKnownFileType = sourcecode.swift; path = "URL+CharacterAPI.swift"; sourceTree = "<group>"; };
		25D3E59324AA7BAA00F3400F /* ButtonView.swift */ = {isa = PBXFileReference; lastKnownFileType = sourcecode.swift; path = ButtonView.swift; sourceTree = "<group>"; };
		25D3E59624AA7F9800F3400F /* UIControl+eventPublisher.swift */ = {isa = PBXFileReference; lastKnownFileType = sourcecode.swift; path = "UIControl+eventPublisher.swift"; sourceTree = "<group>"; };
		25D3E59924ABFF9B00F3400F /* DisplayDescriptionViewTypeMock.swift */ = {isa = PBXFileReference; lastKnownFileType = sourcecode.swift; path = DisplayDescriptionViewTypeMock.swift; sourceTree = "<group>"; };
		25D3E59C24AC072300F3400F /* DescriptionButtonViewController.swift */ = {isa = PBXFileReference; lastKnownFileType = sourcecode.swift; path = DescriptionButtonViewController.swift; sourceTree = "<group>"; };
		25D3E5A024AC0BC100F3400F /* ViewCode.swift */ = {isa = PBXFileReference; fileEncoding = 4; lastKnownFileType = sourcecode.swift; path = ViewCode.swift; sourceTree = "<group>"; };
		25F559D524A867A600524001 /* DisplayDescriptionViewControllerTests.swift */ = {isa = PBXFileReference; lastKnownFileType = sourcecode.swift; path = DisplayDescriptionViewControllerTests.swift; sourceTree = "<group>"; };
		25F559D724A8684100524001 /* DecodableFetcherMock.swift */ = {isa = PBXFileReference; lastKnownFileType = sourcecode.swift; path = DecodableFetcherMock.swift; sourceTree = "<group>"; };
		ACFB180924A67E390084F04F /* AnimeCharacters.app */ = {isa = PBXFileReference; explicitFileType = wrapper.application; includeInIndex = 0; path = AnimeCharacters.app; sourceTree = BUILT_PRODUCTS_DIR; };
		ACFB180C24A67E390084F04F /* AppDelegate.swift */ = {isa = PBXFileReference; lastKnownFileType = sourcecode.swift; path = AppDelegate.swift; sourceTree = "<group>"; };
		ACFB180E24A67E390084F04F /* SceneDelegate.swift */ = {isa = PBXFileReference; lastKnownFileType = sourcecode.swift; path = SceneDelegate.swift; sourceTree = "<group>"; };
		ACFB181024A67E390084F04F /* DisplayDescriptionViewController.swift */ = {isa = PBXFileReference; lastKnownFileType = sourcecode.swift; path = DisplayDescriptionViewController.swift; sourceTree = "<group>"; };
		ACFB181524A67E3A0084F04F /* Assets.xcassets */ = {isa = PBXFileReference; lastKnownFileType = folder.assetcatalog; path = Assets.xcassets; sourceTree = "<group>"; };
		ACFB181824A67E3A0084F04F /* Base */ = {isa = PBXFileReference; lastKnownFileType = file.storyboard; name = Base; path = Base.lproj/LaunchScreen.storyboard; sourceTree = "<group>"; };
		ACFB181A24A67E3A0084F04F /* Info.plist */ = {isa = PBXFileReference; lastKnownFileType = text.plist.xml; path = Info.plist; sourceTree = "<group>"; };
		ACFB181F24A67E3A0084F04F /* AnimeCharactersTests.xctest */ = {isa = PBXFileReference; explicitFileType = wrapper.cfbundle; includeInIndex = 0; path = AnimeCharactersTests.xctest; sourceTree = BUILT_PRODUCTS_DIR; };
		ACFB182524A67E3B0084F04F /* Info.plist */ = {isa = PBXFileReference; lastKnownFileType = text.plist.xml; path = Info.plist; sourceTree = "<group>"; };
		ACFB182E24A67EA20084F04F /* DataFetcher.swift */ = {isa = PBXFileReference; lastKnownFileType = sourcecode.swift; path = DataFetcher.swift; sourceTree = "<group>"; };
		ACFB183224A680660084F04F /* DecodableFetcher.swift */ = {isa = PBXFileReference; lastKnownFileType = sourcecode.swift; path = DecodableFetcher.swift; sourceTree = "<group>"; };
		ACFB183524A686C50084F04F /* DefaultDecodableFetcherTests.swift */ = {isa = PBXFileReference; lastKnownFileType = sourcecode.swift; path = DefaultDecodableFetcherTests.swift; sourceTree = "<group>"; };
		ACFB183924A686F30084F04F /* DataFetcherMock.swift */ = {isa = PBXFileReference; lastKnownFileType = sourcecode.swift; path = DataFetcherMock.swift; sourceTree = "<group>"; };
/* End PBXFileReference section */

/* Begin PBXFrameworksBuildPhase section */
		ACFB180624A67E390084F04F /* Frameworks */ = {
			isa = PBXFrameworksBuildPhase;
			buildActionMask = 2147483647;
			files = (
				25221F8024A7B861007F263E /* SnapKit in Frameworks */,
			);
			runOnlyForDeploymentPostprocessing = 0;
		};
		ACFB181C24A67E3A0084F04F /* Frameworks */ = {
			isa = PBXFrameworksBuildPhase;
			buildActionMask = 2147483647;
			files = (
				25309F7F24A86BDC0043F433 /* SnapshotTesting in Frameworks */,
			);
			runOnlyForDeploymentPostprocessing = 0;
		};
/* End PBXFrameworksBuildPhase section */

/* Begin PBXGroup section */
		25221F8324A7BFD0007F263E /* Screens */ = {
			isa = PBXGroup;
			children = (
				25D3E59B24AC06C500F3400F /* DescriptionButton */,
				25221F8424A7BFD9007F263E /* DisplayDescription */,
			);
			path = Screens;
			sourceTree = "<group>";
		};
		25221F8424A7BFD9007F263E /* DisplayDescription */ = {
			isa = PBXGroup;
			children = (
				25221F8524A7C007007F263E /* Views */,
				ACFB181024A67E390084F04F /* DisplayDescriptionViewController.swift */,
			);
			path = DisplayDescription;
			sourceTree = "<group>";
		};
		25221F8524A7C007007F263E /* Views */ = {
			isa = PBXGroup;
			children = (
				25221F8624A7C012007F263E /* DisplayDescriptionView.swift */,
			);
			path = Views;
			sourceTree = "<group>";
		};
		2571A48424A70854000B167F /* Character */ = {
			isa = PBXGroup;
			children = (
				2571A48824A7093C000B167F /* Network */,
				2571A48524A70862000B167F /* Character.swift */,
			);
			path = Character;
			sourceTree = "<group>";
		};
		2571A48724A70919000B167F /* Commons */ = {
			isa = PBXGroup;
			children = (
				25D3E5A024AC0BC100F3400F /* ViewCode.swift */,
				25D3E59524AA7ECA00F3400F /* Combine */,
				25D3E59224A9885500F3400F /* Views */,
				ACFB183024A67FF60084F04F /* Network */,
			);
			path = Commons;
			sourceTree = "<group>";
		};
		2571A48824A7093C000B167F /* Network */ = {
			isa = PBXGroup;
			children = (
				2571A48924A7095C000B167F /* URL+CharacterAPI.swift */,
			);
			path = Network;
			sourceTree = "<group>";
		};
		25D3E59224A9885500F3400F /* Views */ = {
			isa = PBXGroup;
			children = (
				25D3E59324AA7BAA00F3400F /* ButtonView.swift */,
			);
			path = Views;
			sourceTree = "<group>";
		};
		25D3E59524AA7ECA00F3400F /* Combine */ = {
			isa = PBXGroup;
			children = (
				25D3E59624AA7F9800F3400F /* UIControl+eventPublisher.swift */,
			);
			path = Combine;
			sourceTree = "<group>";
		};
		25D3E59824ABFE7D00F3400F /* Mocks */ = {
			isa = PBXGroup;
			children = (
				25D3E59924ABFF9B00F3400F /* DisplayDescriptionViewTypeMock.swift */,
			);
			path = Mocks;
			sourceTree = "<group>";
		};
		25D3E59B24AC06C500F3400F /* DescriptionButton */ = {
			isa = PBXGroup;
			children = (
				25D3E59C24AC072300F3400F /* DescriptionButtonViewController.swift */,
			);
			path = DescriptionButton;
			sourceTree = "<group>";
		};
		25F559D024A8674400524001 /* Screens */ = {
			isa = PBXGroup;
			children = (
				25D3E59824ABFE7D00F3400F /* Mocks */,
				25F559D124A8675700524001 /* DisplayDescription */,
			);
			path = Screens;
			sourceTree = "<group>";
		};
		25F559D124A8675700524001 /* DisplayDescription */ = {
			isa = PBXGroup;
			children = (
				25F559D524A867A600524001 /* DisplayDescriptionViewControllerTests.swift */,
			);
			path = DisplayDescription;
			sourceTree = "<group>";
		};
		ACFB180024A67E390084F04F = {
			isa = PBXGroup;
			children = (
				ACFB180B24A67E390084F04F /* AnimeCharacters */,
				ACFB182224A67E3A0084F04F /* AnimeCharactersTests */,
				ACFB180A24A67E390084F04F /* Products */,
			);
			sourceTree = "<group>";
		};
		ACFB180A24A67E390084F04F /* Products */ = {
			isa = PBXGroup;
			children = (
				ACFB180924A67E390084F04F /* AnimeCharacters.app */,
				ACFB181F24A67E3A0084F04F /* AnimeCharactersTests.xctest */,
			);
			name = Products;
			sourceTree = "<group>";
		};
		ACFB180B24A67E390084F04F /* AnimeCharacters */ = {
			isa = PBXGroup;
			children = (
				ACFB183124A680020084F04F /* App */,
				2571A48424A70854000B167F /* Character */,
				2571A48724A70919000B167F /* Commons */,
				25221F8324A7BFD0007F263E /* Screens */,
			);
			path = AnimeCharacters;
			sourceTree = "<group>";
		};
		ACFB182224A67E3A0084F04F /* AnimeCharactersTests */ = {
			isa = PBXGroup;
			children = (
				25F559D024A8674400524001 /* Screens */,
				ACFB183424A686790084F04F /* Network */,
				ACFB182524A67E3B0084F04F /* Info.plist */,
			);
			path = AnimeCharactersTests;
			sourceTree = "<group>";
		};
		ACFB183024A67FF60084F04F /* Network */ = {
			isa = PBXGroup;
			children = (
				ACFB182E24A67EA20084F04F /* DataFetcher.swift */,
				ACFB183224A680660084F04F /* DecodableFetcher.swift */,
			);
			path = Network;
			sourceTree = "<group>";
		};
		ACFB183124A680020084F04F /* App */ = {
			isa = PBXGroup;
			children = (
				ACFB180C24A67E390084F04F /* AppDelegate.swift */,
				ACFB180E24A67E390084F04F /* SceneDelegate.swift */,
				ACFB181524A67E3A0084F04F /* Assets.xcassets */,
				ACFB181724A67E3A0084F04F /* LaunchScreen.storyboard */,
				ACFB181A24A67E3A0084F04F /* Info.plist */,
			);
			path = App;
			sourceTree = "<group>";
		};
		ACFB183424A686790084F04F /* Network */ = {
			isa = PBXGroup;
			children = (
				ACFB183824A686E80084F04F /* Mocks */,
				ACFB183524A686C50084F04F /* DefaultDecodableFetcherTests.swift */,
			);
			path = Network;
			sourceTree = "<group>";
		};
		ACFB183824A686E80084F04F /* Mocks */ = {
			isa = PBXGroup;
			children = (
				ACFB183924A686F30084F04F /* DataFetcherMock.swift */,
				25F559D724A8684100524001 /* DecodableFetcherMock.swift */,
			);
			path = Mocks;
			sourceTree = "<group>";
		};
/* End PBXGroup section */

/* Begin PBXNativeTarget section */
		ACFB180824A67E390084F04F /* AnimeCharacters */ = {
			isa = PBXNativeTarget;
			buildConfigurationList = ACFB182824A67E3B0084F04F /* Build configuration list for PBXNativeTarget "AnimeCharacters" */;
			buildPhases = (
				ACFB180524A67E390084F04F /* Sources */,
				ACFB180624A67E390084F04F /* Frameworks */,
				ACFB180724A67E390084F04F /* Resources */,
			);
			buildRules = (
			);
			dependencies = (
			);
			name = AnimeCharacters;
			packageProductDependencies = (
				25221F7F24A7B861007F263E /* SnapKit */,
			);
			productName = AnimeCharacters;
			productReference = ACFB180924A67E390084F04F /* AnimeCharacters.app */;
			productType = "com.apple.product-type.application";
		};
		ACFB181E24A67E3A0084F04F /* AnimeCharactersTests */ = {
			isa = PBXNativeTarget;
			buildConfigurationList = ACFB182B24A67E3B0084F04F /* Build configuration list for PBXNativeTarget "AnimeCharactersTests" */;
			buildPhases = (
				ACFB181B24A67E3A0084F04F /* Sources */,
				ACFB181C24A67E3A0084F04F /* Frameworks */,
				ACFB181D24A67E3A0084F04F /* Resources */,
			);
			buildRules = (
			);
			dependencies = (
				ACFB182124A67E3A0084F04F /* PBXTargetDependency */,
			);
			name = AnimeCharactersTests;
			packageProductDependencies = (
				25309F7E24A86BDC0043F433 /* SnapshotTesting */,
			);
			productName = AnimeCharactersTests;
			productReference = ACFB181F24A67E3A0084F04F /* AnimeCharactersTests.xctest */;
			productType = "com.apple.product-type.bundle.unit-test";
		};
/* End PBXNativeTarget section */

/* Begin PBXProject section */
		ACFB180124A67E390084F04F /* Project object */ = {
			isa = PBXProject;
			attributes = {
				LastSwiftUpdateCheck = 1130;
				LastUpgradeCheck = 1130;
				ORGANIZATIONNAME = miguel.horta.nery;
				TargetAttributes = {
					ACFB180824A67E390084F04F = {
						CreatedOnToolsVersion = 11.3;
					};
					ACFB181E24A67E3A0084F04F = {
						CreatedOnToolsVersion = 11.3;
						TestTargetID = ACFB180824A67E390084F04F;
					};
				};
			};
			buildConfigurationList = ACFB180424A67E390084F04F /* Build configuration list for PBXProject "AnimeCharacters" */;
			compatibilityVersion = "Xcode 9.3";
			developmentRegion = en;
			hasScannedForEncodings = 0;
			knownRegions = (
				en,
				Base,
			);
			mainGroup = ACFB180024A67E390084F04F;
			packageReferences = (
				25221F7E24A7B861007F263E /* XCRemoteSwiftPackageReference "SnapKit" */,
				25309F7D24A86BDC0043F433 /* XCRemoteSwiftPackageReference "swift-snapshot-testing" */,
			);
			productRefGroup = ACFB180A24A67E390084F04F /* Products */;
			projectDirPath = "";
			projectRoot = "";
			targets = (
				ACFB180824A67E390084F04F /* AnimeCharacters */,
				ACFB181E24A67E3A0084F04F /* AnimeCharactersTests */,
			);
		};
/* End PBXProject section */

/* Begin PBXResourcesBuildPhase section */
		ACFB180724A67E390084F04F /* Resources */ = {
			isa = PBXResourcesBuildPhase;
			buildActionMask = 2147483647;
			files = (
				ACFB181924A67E3A0084F04F /* LaunchScreen.storyboard in Resources */,
				ACFB181624A67E3A0084F04F /* Assets.xcassets in Resources */,
			);
			runOnlyForDeploymentPostprocessing = 0;
		};
		ACFB181D24A67E3A0084F04F /* Resources */ = {
			isa = PBXResourcesBuildPhase;
			buildActionMask = 2147483647;
			files = (
			);
			runOnlyForDeploymentPostprocessing = 0;
		};
/* End PBXResourcesBuildPhase section */

/* Begin PBXSourcesBuildPhase section */
		ACFB180524A67E390084F04F /* Sources */ = {
			isa = PBXSourcesBuildPhase;
			buildActionMask = 2147483647;
			files = (
				25221F8724A7C012007F263E /* DisplayDescriptionView.swift in Sources */,
				ACFB181124A67E390084F04F /* DisplayDescriptionViewController.swift in Sources */,
				25D3E59424AA7BAA00F3400F /* ButtonView.swift in Sources */,
				ACFB183324A680660084F04F /* DecodableFetcher.swift in Sources */,
				25D3E59724AA7F9800F3400F /* UIControl+eventPublisher.swift in Sources */,
				ACFB180D24A67E390084F04F /* AppDelegate.swift in Sources */,
				2571A48624A70862000B167F /* Character.swift in Sources */,
				ACFB180F24A67E390084F04F /* SceneDelegate.swift in Sources */,
				2571A48A24A7095C000B167F /* URL+CharacterAPI.swift in Sources */,
				ACFB182F24A67EA20084F04F /* DataFetcher.swift in Sources */,
				25D3E59D24AC072300F3400F /* DescriptionButtonViewController.swift in Sources */,
				25D3E5A124AC0BC100F3400F /* ViewCode.swift in Sources */,
			);
			runOnlyForDeploymentPostprocessing = 0;
		};
		ACFB181B24A67E3A0084F04F /* Sources */ = {
			isa = PBXSourcesBuildPhase;
			buildActionMask = 2147483647;
			files = (
				ACFB183A24A686F30084F04F /* DataFetcherMock.swift in Sources */,
				ACFB183624A686C50084F04F /* DefaultDecodableFetcherTests.swift in Sources */,
				25F559D624A867A600524001 /* DisplayDescriptionViewControllerTests.swift in Sources */,
				25F559D824A8684100524001 /* DecodableFetcherMock.swift in Sources */,
				25D3E59A24ABFF9B00F3400F /* DisplayDescriptionViewTypeMock.swift in Sources */,
			);
			runOnlyForDeploymentPostprocessing = 0;
		};
/* End PBXSourcesBuildPhase section */

/* Begin PBXTargetDependency section */
		ACFB182124A67E3A0084F04F /* PBXTargetDependency */ = {
			isa = PBXTargetDependency;
			target = ACFB180824A67E390084F04F /* AnimeCharacters */;
			targetProxy = ACFB182024A67E3A0084F04F /* PBXContainerItemProxy */;
		};
/* End PBXTargetDependency section */

/* Begin PBXVariantGroup section */
		ACFB181724A67E3A0084F04F /* LaunchScreen.storyboard */ = {
			isa = PBXVariantGroup;
			children = (
				ACFB181824A67E3A0084F04F /* Base */,
			);
			name = LaunchScreen.storyboard;
			sourceTree = "<group>";
		};
/* End PBXVariantGroup section */

/* Begin XCBuildConfiguration section */
		ACFB182624A67E3B0084F04F /* Debug */ = {
			isa = XCBuildConfiguration;
			buildSettings = {
				ALWAYS_SEARCH_USER_PATHS = NO;
				CLANG_ANALYZER_NONNULL = YES;
				CLANG_ANALYZER_NUMBER_OBJECT_CONVERSION = YES_AGGRESSIVE;
				CLANG_CXX_LANGUAGE_STANDARD = "gnu++14";
				CLANG_CXX_LIBRARY = "libc++";
				CLANG_ENABLE_MODULES = YES;
				CLANG_ENABLE_OBJC_ARC = YES;
				CLANG_ENABLE_OBJC_WEAK = YES;
				CLANG_WARN_BLOCK_CAPTURE_AUTORELEASING = YES;
				CLANG_WARN_BOOL_CONVERSION = YES;
				CLANG_WARN_COMMA = YES;
				CLANG_WARN_CONSTANT_CONVERSION = YES;
				CLANG_WARN_DEPRECATED_OBJC_IMPLEMENTATIONS = YES;
				CLANG_WARN_DIRECT_OBJC_ISA_USAGE = YES_ERROR;
				CLANG_WARN_DOCUMENTATION_COMMENTS = YES;
				CLANG_WARN_EMPTY_BODY = YES;
				CLANG_WARN_ENUM_CONVERSION = YES;
				CLANG_WARN_INFINITE_RECURSION = YES;
				CLANG_WARN_INT_CONVERSION = YES;
				CLANG_WARN_NON_LITERAL_NULL_CONVERSION = YES;
				CLANG_WARN_OBJC_IMPLICIT_RETAIN_SELF = YES;
				CLANG_WARN_OBJC_LITERAL_CONVERSION = YES;
				CLANG_WARN_OBJC_ROOT_CLASS = YES_ERROR;
				CLANG_WARN_RANGE_LOOP_ANALYSIS = YES;
				CLANG_WARN_STRICT_PROTOTYPES = YES;
				CLANG_WARN_SUSPICIOUS_MOVE = YES;
				CLANG_WARN_UNGUARDED_AVAILABILITY = YES_AGGRESSIVE;
				CLANG_WARN_UNREACHABLE_CODE = YES;
				CLANG_WARN__DUPLICATE_METHOD_MATCH = YES;
				COPY_PHASE_STRIP = NO;
				DEBUG_INFORMATION_FORMAT = dwarf;
				ENABLE_STRICT_OBJC_MSGSEND = YES;
				ENABLE_TESTABILITY = YES;
				GCC_C_LANGUAGE_STANDARD = gnu11;
				GCC_DYNAMIC_NO_PIC = NO;
				GCC_NO_COMMON_BLOCKS = YES;
				GCC_OPTIMIZATION_LEVEL = 0;
				GCC_PREPROCESSOR_DEFINITIONS = (
					"DEBUG=1",
					"$(inherited)",
				);
				GCC_WARN_64_TO_32_BIT_CONVERSION = YES;
				GCC_WARN_ABOUT_RETURN_TYPE = YES_ERROR;
				GCC_WARN_UNDECLARED_SELECTOR = YES;
				GCC_WARN_UNINITIALIZED_AUTOS = YES_AGGRESSIVE;
				GCC_WARN_UNUSED_FUNCTION = YES;
				GCC_WARN_UNUSED_VARIABLE = YES;
				IPHONEOS_DEPLOYMENT_TARGET = 13.2;
				MTL_ENABLE_DEBUG_INFO = INCLUDE_SOURCE;
				MTL_FAST_MATH = YES;
				ONLY_ACTIVE_ARCH = YES;
				SDKROOT = iphoneos;
				SWIFT_ACTIVE_COMPILATION_CONDITIONS = DEBUG;
				SWIFT_OPTIMIZATION_LEVEL = "-Onone";
			};
			name = Debug;
		};
		ACFB182724A67E3B0084F04F /* Release */ = {
			isa = XCBuildConfiguration;
			buildSettings = {
				ALWAYS_SEARCH_USER_PATHS = NO;
				CLANG_ANALYZER_NONNULL = YES;
				CLANG_ANALYZER_NUMBER_OBJECT_CONVERSION = YES_AGGRESSIVE;
				CLANG_CXX_LANGUAGE_STANDARD = "gnu++14";
				CLANG_CXX_LIBRARY = "libc++";
				CLANG_ENABLE_MODULES = YES;
				CLANG_ENABLE_OBJC_ARC = YES;
				CLANG_ENABLE_OBJC_WEAK = YES;
				CLANG_WARN_BLOCK_CAPTURE_AUTORELEASING = YES;
				CLANG_WARN_BOOL_CONVERSION = YES;
				CLANG_WARN_COMMA = YES;
				CLANG_WARN_CONSTANT_CONVERSION = YES;
				CLANG_WARN_DEPRECATED_OBJC_IMPLEMENTATIONS = YES;
				CLANG_WARN_DIRECT_OBJC_ISA_USAGE = YES_ERROR;
				CLANG_WARN_DOCUMENTATION_COMMENTS = YES;
				CLANG_WARN_EMPTY_BODY = YES;
				CLANG_WARN_ENUM_CONVERSION = YES;
				CLANG_WARN_INFINITE_RECURSION = YES;
				CLANG_WARN_INT_CONVERSION = YES;
				CLANG_WARN_NON_LITERAL_NULL_CONVERSION = YES;
				CLANG_WARN_OBJC_IMPLICIT_RETAIN_SELF = YES;
				CLANG_WARN_OBJC_LITERAL_CONVERSION = YES;
				CLANG_WARN_OBJC_ROOT_CLASS = YES_ERROR;
				CLANG_WARN_RANGE_LOOP_ANALYSIS = YES;
				CLANG_WARN_STRICT_PROTOTYPES = YES;
				CLANG_WARN_SUSPICIOUS_MOVE = YES;
				CLANG_WARN_UNGUARDED_AVAILABILITY = YES_AGGRESSIVE;
				CLANG_WARN_UNREACHABLE_CODE = YES;
				CLANG_WARN__DUPLICATE_METHOD_MATCH = YES;
				COPY_PHASE_STRIP = NO;
				DEBUG_INFORMATION_FORMAT = "dwarf-with-dsym";
				ENABLE_NS_ASSERTIONS = NO;
				ENABLE_STRICT_OBJC_MSGSEND = YES;
				GCC_C_LANGUAGE_STANDARD = gnu11;
				GCC_NO_COMMON_BLOCKS = YES;
				GCC_WARN_64_TO_32_BIT_CONVERSION = YES;
				GCC_WARN_ABOUT_RETURN_TYPE = YES_ERROR;
				GCC_WARN_UNDECLARED_SELECTOR = YES;
				GCC_WARN_UNINITIALIZED_AUTOS = YES_AGGRESSIVE;
				GCC_WARN_UNUSED_FUNCTION = YES;
				GCC_WARN_UNUSED_VARIABLE = YES;
				IPHONEOS_DEPLOYMENT_TARGET = 13.2;
				MTL_ENABLE_DEBUG_INFO = NO;
				MTL_FAST_MATH = YES;
				SDKROOT = iphoneos;
				SWIFT_COMPILATION_MODE = wholemodule;
				SWIFT_OPTIMIZATION_LEVEL = "-O";
				VALIDATE_PRODUCT = YES;
			};
			name = Release;
		};
		ACFB182924A67E3B0084F04F /* Debug */ = {
			isa = XCBuildConfiguration;
			buildSettings = {
				ASSETCATALOG_COMPILER_APPICON_NAME = AppIcon;
				CODE_SIGN_STYLE = Automatic;
				DEVELOPMENT_TEAM = 9KAJM7V6T4;
				INFOPLIST_FILE = AnimeCharacters/App/Info.plist;
				LD_RUNPATH_SEARCH_PATHS = (
					"$(inherited)",
					"@executable_path/Frameworks",
				);
				PRODUCT_BUNDLE_IDENTIFIER = honey.AnimeCharacters;
				PRODUCT_NAME = "$(TARGET_NAME)";
				SWIFT_VERSION = 5.0;
				TARGETED_DEVICE_FAMILY = "1,2";
			};
			name = Debug;
		};
		ACFB182A24A67E3B0084F04F /* Release */ = {
			isa = XCBuildConfiguration;
			buildSettings = {
				ASSETCATALOG_COMPILER_APPICON_NAME = AppIcon;
				CODE_SIGN_STYLE = Automatic;
				DEVELOPMENT_TEAM = 9KAJM7V6T4;
				INFOPLIST_FILE = AnimeCharacters/App/Info.plist;
				LD_RUNPATH_SEARCH_PATHS = (
					"$(inherited)",
					"@executable_path/Frameworks",
				);
				PRODUCT_BUNDLE_IDENTIFIER = honey.AnimeCharacters;
				PRODUCT_NAME = "$(TARGET_NAME)";
				SWIFT_VERSION = 5.0;
				TARGETED_DEVICE_FAMILY = "1,2";
			};
			name = Release;
		};
		ACFB182C24A67E3B0084F04F /* Debug */ = {
			isa = XCBuildConfiguration;
			buildSettings = {
				ALWAYS_EMBED_SWIFT_STANDARD_LIBRARIES = YES;
				BUNDLE_LOADER = "$(TEST_HOST)";
				CODE_SIGN_STYLE = Automatic;
				DEVELOPMENT_TEAM = 9KAJM7V6T4;
				INFOPLIST_FILE = AnimeCharactersTests/Info.plist;
				IPHONEOS_DEPLOYMENT_TARGET = 13.2;
				LD_RUNPATH_SEARCH_PATHS = (
					"$(inherited)",
					"@executable_path/Frameworks",
					"@loader_path/Frameworks",
				);
				PRODUCT_BUNDLE_IDENTIFIER = honey.AnimeCharactersTests;
				PRODUCT_NAME = "$(TARGET_NAME)";
				SWIFT_VERSION = 5.0;
				TARGETED_DEVICE_FAMILY = "1,2";
				TEST_HOST = "$(BUILT_PRODUCTS_DIR)/AnimeCharacters.app/AnimeCharacters";
			};
			name = Debug;
		};
		ACFB182D24A67E3B0084F04F /* Release */ = {
			isa = XCBuildConfiguration;
			buildSettings = {
				ALWAYS_EMBED_SWIFT_STANDARD_LIBRARIES = YES;
				BUNDLE_LOADER = "$(TEST_HOST)";
				CODE_SIGN_STYLE = Automatic;
				DEVELOPMENT_TEAM = 9KAJM7V6T4;
				INFOPLIST_FILE = AnimeCharactersTests/Info.plist;
				IPHONEOS_DEPLOYMENT_TARGET = 13.2;
				LD_RUNPATH_SEARCH_PATHS = (
					"$(inherited)",
					"@executable_path/Frameworks",
					"@loader_path/Frameworks",
				);
				PRODUCT_BUNDLE_IDENTIFIER = honey.AnimeCharactersTests;
				PRODUCT_NAME = "$(TARGET_NAME)";
				SWIFT_VERSION = 5.0;
				TARGETED_DEVICE_FAMILY = "1,2";
				TEST_HOST = "$(BUILT_PRODUCTS_DIR)/AnimeCharacters.app/AnimeCharacters";
			};
			name = Release;
		};
/* End XCBuildConfiguration section */

/* Begin XCConfigurationList section */
		ACFB180424A67E390084F04F /* Build configuration list for PBXProject "AnimeCharacters" */ = {
			isa = XCConfigurationList;
			buildConfigurations = (
				ACFB182624A67E3B0084F04F /* Debug */,
				ACFB182724A67E3B0084F04F /* Release */,
			);
			defaultConfigurationIsVisible = 0;
			defaultConfigurationName = Release;
		};
		ACFB182824A67E3B0084F04F /* Build configuration list for PBXNativeTarget "AnimeCharacters" */ = {
			isa = XCConfigurationList;
			buildConfigurations = (
				ACFB182924A67E3B0084F04F /* Debug */,
				ACFB182A24A67E3B0084F04F /* Release */,
			);
			defaultConfigurationIsVisible = 0;
			defaultConfigurationName = Release;
		};
		ACFB182B24A67E3B0084F04F /* Build configuration list for PBXNativeTarget "AnimeCharactersTests" */ = {
			isa = XCConfigurationList;
			buildConfigurations = (
				ACFB182C24A67E3B0084F04F /* Debug */,
				ACFB182D24A67E3B0084F04F /* Release */,
			);
			defaultConfigurationIsVisible = 0;
			defaultConfigurationName = Release;
		};
/* End XCConfigurationList section */

/* Begin XCRemoteSwiftPackageReference section */
		25221F7E24A7B861007F263E /* XCRemoteSwiftPackageReference "SnapKit" */ = {
			isa = XCRemoteSwiftPackageReference;
			repositoryURL = "https://github.com/SnapKit/SnapKit";
			requirement = {
				kind = upToNextMajorVersion;
				minimumVersion = 5.0.1;
			};
		};
		25309F7D24A86BDC0043F433 /* XCRemoteSwiftPackageReference "swift-snapshot-testing" */ = {
			isa = XCRemoteSwiftPackageReference;
			repositoryURL = "https://github.com/pointfreeco/swift-snapshot-testing";
			requirement = {
				kind = upToNextMajorVersion;
				minimumVersion = 1.8.1;
			};
		};
/* End XCRemoteSwiftPackageReference section */

/* Begin XCSwiftPackageProductDependency section */
		25221F7F24A7B861007F263E /* SnapKit */ = {
			isa = XCSwiftPackageProductDependency;
			package = 25221F7E24A7B861007F263E /* XCRemoteSwiftPackageReference "SnapKit" */;
			productName = SnapKit;
		};
		25309F7E24A86BDC0043F433 /* SnapshotTesting */ = {
			isa = XCSwiftPackageProductDependency;
			package = 25309F7D24A86BDC0043F433 /* XCRemoteSwiftPackageReference "swift-snapshot-testing" */;
			productName = SnapshotTesting;
		};
/* End XCSwiftPackageProductDependency section */
	};
	rootObject = ACFB180124A67E390084F04F /* Project object */;
}
